
Microsoft Visual Studio Solution File, Format Version 12.00
# Visual Studio 2013
VisualStudioVersion = 12.0.30501.0
MinimumVisualStudioVersion = 10.0.40219.1
Project("{2150E333-8FDC-42A3-9474-1A3956D46DE8}") = "src", "src", "{3B4FB6A4-37CE-47FE-AA59-C733905CD3D5}"
EndProject
Project("{2150E333-8FDC-42A3-9474-1A3956D46DE8}") = "tests", "tests", "{B0B3D341-95D1-42B3-A204-4DED1DE755A0}"
EndProject
Project("{2150E333-8FDC-42A3-9474-1A3956D46DE8}") = ".nuget", ".nuget", "{7F6490FA-FEE9-4B48-9494-760D92CD6F6B}"
	ProjectSection(SolutionItems) = preProject
		.nuget\NuGet.Config = .nuget\NuGet.Config
		.nuget\NuGet.exe = .nuget\NuGet.exe
		.nuget\NuGet.targets = .nuget\NuGet.targets
	EndProjectSection
EndProject
Project("{2150E333-8FDC-42A3-9474-1A3956D46DE8}") = "samples", "samples", "{D43C20DC-ACE4-4598-8A36-5971024AA672}"
EndProject
Project("{FAE04EC0-301F-11D3-BF4B-00C04F79EFBC}") = "GpuLinq.Base", "src\GpuLinq.Base\GpuLinq.Base.csproj", "{F21F83A3-BDBD-4965-87D6-94E65A069A7B}"
EndProject
Project("{F2A71F9B-5D33-465A-A702-920D77279786}") = "GpuLinq.Core", "src\GpuLinq.Core\GpuLinq.Core.fsproj", "{EDF3CE5F-18A2-443E-85E7-D3D877233AED}"
EndProject
Project("{FAE04EC0-301F-11D3-BF4B-00C04F79EFBC}") = "GpuLinq.CSharp", "src\GpuLinq.CSharp\GpuLinq.CSharp.csproj", "{36A2A39A-D980-46C3-A5E1-CB680763786B}"
	ProjectSection(ProjectDependencies) = postProject
		{EDF3CE5F-18A2-443E-85E7-D3D877233AED} = {EDF3CE5F-18A2-443E-85E7-D3D877233AED}
	EndProjectSection
EndProject
Project("{F2A71F9B-5D33-465A-A702-920D77279786}") = "GpuLinq.FSharp", "src\GpuLinq.FSharp\GpuLinq.FSharp.fsproj", "{2905E8CC-35C4-426E-91C9-0D0A062AD1A3}"
EndProject
Project("{FAE04EC0-301F-11D3-BF4B-00C04F79EFBC}") = "GpuLinq.Tests.CSharp", "tests\GpuLinq.Tests.CSharp\GpuLinq.Tests.CSharp.csproj", "{1E812A89-C8F1-463E-8E1E-765389A0A4BC}"
EndProject
Project("{FAE04EC0-301F-11D3-BF4B-00C04F79EFBC}") = "BlackScholes.CSharp", "samples\BlackScholes.CSharp\BlackScholes.CSharp.csproj", "{A89AAE70-EB28-41C3-A6AC-99BE20D282CD}"
EndProject
Project("{FAE04EC0-301F-11D3-BF4B-00C04F79EFBC}") = "FastFourierTransform.CSharp", "samples\FastFourierTransform.CSharp\FastFourierTransform.CSharp.csproj", "{06B1F88A-722A-457C-A1D0-600B14163D8A}"
EndProject
Project("{FAE04EC0-301F-11D3-BF4B-00C04F79EFBC}") = "DotProduct.CSharp", "samples\DotProduct.CSharp\DotProduct.CSharp.csproj", "{6CC7D8DC-2A4A-4733-A774-AD9628B6442F}"
EndProject
Project("{FAE04EC0-301F-11D3-BF4B-00C04F79EFBC}") = "Mandelbrot.CSharp", "samples\Mandelbrot.CSharp\Mandelbrot.CSharp.csproj", "{90648122-BCC7-478C-998B-65E91D6DC7C3}"
EndProject
Global
	GlobalSection(SolutionConfigurationPlatforms) = preSolution
		Debug|Any CPU = Debug|Any CPU
		Debug|Mixed Platforms = Debug|Mixed Platforms
		Debug|x64 = Debug|x64
		Debug|x86 = Debug|x86
		Release|Any CPU = Release|Any CPU
		Release|Mixed Platforms = Release|Mixed Platforms
		Release|x64 = Release|x64
		Release|x86 = Release|x86
	EndGlobalSection
	GlobalSection(ProjectConfigurationPlatforms) = postSolution
		{F21F83A3-BDBD-4965-87D6-94E65A069A7B}.Debug|Any CPU.ActiveCfg = Debug|Any CPU
		{F21F83A3-BDBD-4965-87D6-94E65A069A7B}.Debug|Any CPU.Build.0 = Debug|Any CPU
		{F21F83A3-BDBD-4965-87D6-94E65A069A7B}.Debug|Mixed Platforms.ActiveCfg = Debug|Any CPU
		{F21F83A3-BDBD-4965-87D6-94E65A069A7B}.Debug|Mixed Platforms.Build.0 = Debug|Any CPU
		{F21F83A3-BDBD-4965-87D6-94E65A069A7B}.Debug|x64.ActiveCfg = Debug|Any CPU
		{F21F83A3-BDBD-4965-87D6-94E65A069A7B}.Debug|x86.ActiveCfg = Debug|Any CPU
		{F21F83A3-BDBD-4965-87D6-94E65A069A7B}.Release|Any CPU.ActiveCfg = Release|Any CPU
		{F21F83A3-BDBD-4965-87D6-94E65A069A7B}.Release|Any CPU.Build.0 = Release|Any CPU
		{F21F83A3-BDBD-4965-87D6-94E65A069A7B}.Release|Mixed Platforms.ActiveCfg = Release|Any CPU
		{F21F83A3-BDBD-4965-87D6-94E65A069A7B}.Release|Mixed Platforms.Build.0 = Release|Any CPU
		{F21F83A3-BDBD-4965-87D6-94E65A069A7B}.Release|x64.ActiveCfg = Release|Any CPU
		{F21F83A3-BDBD-4965-87D6-94E65A069A7B}.Release|x86.ActiveCfg = Release|Any CPU
		{EDF3CE5F-18A2-443E-85E7-D3D877233AED}.Debug|Any CPU.ActiveCfg = Debug|Any CPU
		{EDF3CE5F-18A2-443E-85E7-D3D877233AED}.Debug|Any CPU.Build.0 = Debug|Any CPU
		{EDF3CE5F-18A2-443E-85E7-D3D877233AED}.Debug|Mixed Platforms.ActiveCfg = Debug|Any CPU
		{EDF3CE5F-18A2-443E-85E7-D3D877233AED}.Debug|Mixed Platforms.Build.0 = Debug|Any CPU
		{EDF3CE5F-18A2-443E-85E7-D3D877233AED}.Debug|x64.ActiveCfg = Debug|Any CPU
		{EDF3CE5F-18A2-443E-85E7-D3D877233AED}.Debug|x86.ActiveCfg = Debug|Any CPU
		{EDF3CE5F-18A2-443E-85E7-D3D877233AED}.Release|Any CPU.ActiveCfg = Release|Any CPU
		{EDF3CE5F-18A2-443E-85E7-D3D877233AED}.Release|Any CPU.Build.0 = Release|Any CPU
		{EDF3CE5F-18A2-443E-85E7-D3D877233AED}.Release|Mixed Platforms.ActiveCfg = Release|Any CPU
		{EDF3CE5F-18A2-443E-85E7-D3D877233AED}.Release|Mixed Platforms.Build.0 = Release|Any CPU
		{EDF3CE5F-18A2-443E-85E7-D3D877233AED}.Release|x64.ActiveCfg = Release|Any CPU
		{EDF3CE5F-18A2-443E-85E7-D3D877233AED}.Release|x86.ActiveCfg = Release|Any CPU
		{36A2A39A-D980-46C3-A5E1-CB680763786B}.Debug|Any CPU.ActiveCfg = Debug|Any CPU
		{36A2A39A-D980-46C3-A5E1-CB680763786B}.Debug|Any CPU.Build.0 = Debug|Any CPU
		{36A2A39A-D980-46C3-A5E1-CB680763786B}.Debug|Mixed Platforms.ActiveCfg = Debug|Any CPU
		{36A2A39A-D980-46C3-A5E1-CB680763786B}.Debug|Mixed Platforms.Build.0 = Debug|Any CPU
		{36A2A39A-D980-46C3-A5E1-CB680763786B}.Debug|x64.ActiveCfg = Debug|Any CPU
		{36A2A39A-D980-46C3-A5E1-CB680763786B}.Debug|x86.ActiveCfg = Debug|Any CPU
		{36A2A39A-D980-46C3-A5E1-CB680763786B}.Release|Any CPU.ActiveCfg = Release|Any CPU
		{36A2A39A-D980-46C3-A5E1-CB680763786B}.Release|Any CPU.Build.0 = Release|Any CPU
		{36A2A39A-D980-46C3-A5E1-CB680763786B}.Release|Mixed Platforms.ActiveCfg = Release|Any CPU
		{36A2A39A-D980-46C3-A5E1-CB680763786B}.Release|Mixed Platforms.Build.0 = Release|Any CPU
		{36A2A39A-D980-46C3-A5E1-CB680763786B}.Release|x64.ActiveCfg = Release|Any CPU
		{36A2A39A-D980-46C3-A5E1-CB680763786B}.Release|x86.ActiveCfg = Release|Any CPU
		{2905E8CC-35C4-426E-91C9-0D0A062AD1A3}.Debug|Any CPU.ActiveCfg = Debug|Any CPU
		{2905E8CC-35C4-426E-91C9-0D0A062AD1A3}.Debug|Any CPU.Build.0 = Debug|Any CPU
		{2905E8CC-35C4-426E-91C9-0D0A062AD1A3}.Debug|Mixed Platforms.ActiveCfg = Debug|Any CPU
		{2905E8CC-35C4-426E-91C9-0D0A062AD1A3}.Debug|Mixed Platforms.Build.0 = Debug|Any CPU
		{2905E8CC-35C4-426E-91C9-0D0A062AD1A3}.Debug|x64.ActiveCfg = Debug|Any CPU
		{2905E8CC-35C4-426E-91C9-0D0A062AD1A3}.Debug|x86.ActiveCfg = Debug|Any CPU
		{2905E8CC-35C4-426E-91C9-0D0A062AD1A3}.Release|Any CPU.ActiveCfg = Release|Any CPU
		{2905E8CC-35C4-426E-91C9-0D0A062AD1A3}.Release|Any CPU.Build.0 = Release|Any CPU
		{2905E8CC-35C4-426E-91C9-0D0A062AD1A3}.Release|Mixed Platforms.ActiveCfg = Release|Any CPU
		{2905E8CC-35C4-426E-91C9-0D0A062AD1A3}.Release|Mixed Platforms.Build.0 = Release|Any CPU
		{2905E8CC-35C4-426E-91C9-0D0A062AD1A3}.Release|x64.ActiveCfg = Release|Any CPU
		{2905E8CC-35C4-426E-91C9-0D0A062AD1A3}.Release|x86.ActiveCfg = Release|Any CPU
		{1E812A89-C8F1-463E-8E1E-765389A0A4BC}.Debug|Any CPU.ActiveCfg = Debug|Any CPU
		{1E812A89-C8F1-463E-8E1E-765389A0A4BC}.Debug|Any CPU.Build.0 = Debug|Any CPU
		{1E812A89-C8F1-463E-8E1E-765389A0A4BC}.Debug|Mixed Platforms.ActiveCfg = Debug|Any CPU
		{1E812A89-C8F1-463E-8E1E-765389A0A4BC}.Debug|Mixed Platforms.Build.0 = Debug|Any CPU
		{1E812A89-C8F1-463E-8E1E-765389A0A4BC}.Debug|x64.ActiveCfg = Debug|Any CPU
		{1E812A89-C8F1-463E-8E1E-765389A0A4BC}.Debug|x86.ActiveCfg = Debug|Any CPU
		{1E812A89-C8F1-463E-8E1E-765389A0A4BC}.Release|Any CPU.ActiveCfg = Release|Any CPU
		{1E812A89-C8F1-463E-8E1E-765389A0A4BC}.Release|Any CPU.Build.0 = Release|Any CPU
		{1E812A89-C8F1-463E-8E1E-765389A0A4BC}.Release|Mixed Platforms.ActiveCfg = Release|Any CPU
		{1E812A89-C8F1-463E-8E1E-765389A0A4BC}.Release|Mixed Platforms.Build.0 = Release|Any CPU
		{1E812A89-C8F1-463E-8E1E-765389A0A4BC}.Release|x64.ActiveCfg = Release|Any CPU
		{1E812A89-C8F1-463E-8E1E-765389A0A4BC}.Release|x86.ActiveCfg = Release|Any CPU
		{A89AAE70-EB28-41C3-A6AC-99BE20D282CD}.Debug|Any CPU.ActiveCfg = Debug|Any CPU
		{A89AAE70-EB28-41C3-A6AC-99BE20D282CD}.Debug|Any CPU.Build.0 = Debug|Any CPU
		{A89AAE70-EB28-41C3-A6AC-99BE20D282CD}.Debug|Mixed Platforms.ActiveCfg = Debug|Any CPU
		{A89AAE70-EB28-41C3-A6AC-99BE20D282CD}.Debug|Mixed Platforms.Build.0 = Debug|Any CPU
		{A89AAE70-EB28-41C3-A6AC-99BE20D282CD}.Debug|x64.ActiveCfg = Debug|Any CPU
		{A89AAE70-EB28-41C3-A6AC-99BE20D282CD}.Debug|x86.ActiveCfg = Debug|Any CPU
		{A89AAE70-EB28-41C3-A6AC-99BE20D282CD}.Release|Any CPU.ActiveCfg = Release|Any CPU
		{A89AAE70-EB28-41C3-A6AC-99BE20D282CD}.Release|Any CPU.Build.0 = Release|Any CPU
		{A89AAE70-EB28-41C3-A6AC-99BE20D282CD}.Release|Mixed Platforms.ActiveCfg = Release|Any CPU
		{A89AAE70-EB28-41C3-A6AC-99BE20D282CD}.Release|Mixed Platforms.Build.0 = Release|Any CPU
		{A89AAE70-EB28-41C3-A6AC-99BE20D282CD}.Release|x64.ActiveCfg = Release|Any CPU
		{A89AAE70-EB28-41C3-A6AC-99BE20D282CD}.Release|x86.ActiveCfg = Release|Any CPU
		{06B1F88A-722A-457C-A1D0-600B14163D8A}.Debug|Any CPU.ActiveCfg = Debug|Any CPU
		{06B1F88A-722A-457C-A1D0-600B14163D8A}.Debug|Any CPU.Build.0 = Debug|Any CPU
		{06B1F88A-722A-457C-A1D0-600B14163D8A}.Debug|Mixed Platforms.ActiveCfg = Debug|Any CPU
		{06B1F88A-722A-457C-A1D0-600B14163D8A}.Debug|Mixed Platforms.Build.0 = Debug|Any CPU
		{06B1F88A-722A-457C-A1D0-600B14163D8A}.Debug|x64.ActiveCfg = Debug|Any CPU
		{06B1F88A-722A-457C-A1D0-600B14163D8A}.Debug|x86.ActiveCfg = Debug|Any CPU
		{06B1F88A-722A-457C-A1D0-600B14163D8A}.Release|Any CPU.ActiveCfg = Release|Any CPU
		{06B1F88A-722A-457C-A1D0-600B14163D8A}.Release|Any CPU.Build.0 = Release|Any CPU
		{06B1F88A-722A-457C-A1D0-600B14163D8A}.Release|Mixed Platforms.ActiveCfg = Release|Any CPU
		{06B1F88A-722A-457C-A1D0-600B14163D8A}.Release|Mixed Platforms.Build.0 = Release|Any CPU
		{06B1F88A-722A-457C-A1D0-600B14163D8A}.Release|x64.ActiveCfg = Release|Any CPU
		{06B1F88A-722A-457C-A1D0-600B14163D8A}.Release|x86.ActiveCfg = Release|Any CPU
		{6CC7D8DC-2A4A-4733-A774-AD9628B6442F}.Debug|Any CPU.ActiveCfg = Debug|Any CPU
		{6CC7D8DC-2A4A-4733-A774-AD9628B6442F}.Debug|Any CPU.Build.0 = Debug|Any CPU
		{6CC7D8DC-2A4A-4733-A774-AD9628B6442F}.Debug|Mixed Platforms.ActiveCfg = Debug|Any CPU
		{6CC7D8DC-2A4A-4733-A774-AD9628B6442F}.Debug|Mixed Platforms.Build.0 = Debug|Any CPU
		{6CC7D8DC-2A4A-4733-A774-AD9628B6442F}.Debug|x64.ActiveCfg = Debug|Any CPU
		{6CC7D8DC-2A4A-4733-A774-AD9628B6442F}.Debug|x86.ActiveCfg = Debug|Any CPU
		{6CC7D8DC-2A4A-4733-A774-AD9628B6442F}.Release|Any CPU.ActiveCfg = Release|Any CPU
		{6CC7D8DC-2A4A-4733-A774-AD9628B6442F}.Release|Any CPU.Build.0 = Release|Any CPU
		{6CC7D8DC-2A4A-4733-A774-AD9628B6442F}.Release|Mixed Platforms.ActiveCfg = Release|Any CPU
		{6CC7D8DC-2A4A-4733-A774-AD9628B6442F}.Release|Mixed Platforms.Build.0 = Release|Any CPU
		{6CC7D8DC-2A4A-4733-A774-AD9628B6442F}.Release|x64.ActiveCfg = Release|Any CPU
		{6CC7D8DC-2A4A-4733-A774-AD9628B6442F}.Release|x86.ActiveCfg = Release|Any CPU
		{90648122-BCC7-478C-998B-65E91D6DC7C3}.Debug|Any CPU.ActiveCfg = Debug|Any CPU
		{90648122-BCC7-478C-998B-65E91D6DC7C3}.Debug|Any CPU.Build.0 = Debug|Any CPU
		{90648122-BCC7-478C-998B-65E91D6DC7C3}.Debug|Mixed Platforms.ActiveCfg = Debug|x64
		{90648122-BCC7-478C-998B-65E91D6DC7C3}.Debug|Mixed Platforms.Build.0 = Debug|x64
		{90648122-BCC7-478C-998B-65E91D6DC7C3}.Debug|x64.ActiveCfg = Debug|x64
		{90648122-BCC7-478C-998B-65E91D6DC7C3}.Debug|x64.Build.0 = Debug|x64
		{90648122-BCC7-478C-998B-65E91D6DC7C3}.Debug|x86.ActiveCfg = Debug|x64
		{90648122-BCC7-478C-998B-65E91D6DC7C3}.Release|Any CPU.ActiveCfg = Release|Any CPU
		{90648122-BCC7-478C-998B-65E91D6DC7C3}.Release|Any CPU.Build.0 = Release|Any CPU
		{90648122-BCC7-478C-998B-65E91D6DC7C3}.Release|Mixed Platforms.ActiveCfg = Release|x64
		{90648122-BCC7-478C-998B-65E91D6DC7C3}.Release|Mixed Platforms.Build.0 = Release|x64
		{90648122-BCC7-478C-998B-65E91D6DC7C3}.Release|x64.ActiveCfg = Release|x64
		{90648122-BCC7-478C-998B-65E91D6DC7C3}.Release|x64.Build.0 = Release|x64
		{90648122-BCC7-478C-998B-65E91D6DC7C3}.Release|x86.ActiveCfg = Release|x64
	EndGlobalSection
	GlobalSection(SolutionProperties) = preSolution
		HideSolutionNode = FALSE
	EndGlobalSection
	GlobalSection(NestedProjects) = preSolution
		{F21F83A3-BDBD-4965-87D6-94E65A069A7B} = {3B4FB6A4-37CE-47FE-AA59-C733905CD3D5}
		{EDF3CE5F-18A2-443E-85E7-D3D877233AED} = {3B4FB6A4-37CE-47FE-AA59-C733905CD3D5}
		{36A2A39A-D980-46C3-A5E1-CB680763786B} = {3B4FB6A4-37CE-47FE-AA59-C733905CD3D5}
		{2905E8CC-35C4-426E-91C9-0D0A062AD1A3} = {3B4FB6A4-37CE-47FE-AA59-C733905CD3D5}
		{1E812A89-C8F1-463E-8E1E-765389A0A4BC} = {B0B3D341-95D1-42B3-A204-4DED1DE755A0}
		{A89AAE70-EB28-41C3-A6AC-99BE20D282CD} = {D43C20DC-ACE4-4598-8A36-5971024AA672}
		{06B1F88A-722A-457C-A1D0-600B14163D8A} = {D43C20DC-ACE4-4598-8A36-5971024AA672}
		{6CC7D8DC-2A4A-4733-A774-AD9628B6442F} = {D43C20DC-ACE4-4598-8A36-5971024AA672}
		{90648122-BCC7-478C-998B-65E91D6DC7C3} = {D43C20DC-ACE4-4598-8A36-5971024AA672}
	EndGlobalSection
EndGlobal
